// !$*UTF8*$!
{
	archiveVersion = 1;
	classes = {
	};
	objectVersion = 50;
	objects = {

/* Begin PBXBuildFile section */
		86BC64EB26F3771800D1C044 /* AppDelegate.swift in Sources */ = {isa = PBXBuildFile; fileRef = 86BC64EA26F3771800D1C044 /* AppDelegate.swift */; };
		86BC64ED26F3771800D1C044 /* SceneDelegate.swift in Sources */ = {isa = PBXBuildFile; fileRef = 86BC64EC26F3771800D1C044 /* SceneDelegate.swift */; };
		86BC64EF26F3771800D1C044 /* ViewController.swift in Sources */ = {isa = PBXBuildFile; fileRef = 86BC64EE26F3771800D1C044 /* ViewController.swift */; };
		86BC64F226F3771800D1C044 /* Main.storyboard in Resources */ = {isa = PBXBuildFile; fileRef = 86BC64F026F3771800D1C044 /* Main.storyboard */; };
		86BC64F426F3771B00D1C044 /* Assets.xcassets in Resources */ = {isa = PBXBuildFile; fileRef = 86BC64F326F3771B00D1C044 /* Assets.xcassets */; };
		86BC64F726F3771B00D1C044 /* LaunchScreen.storyboard in Resources */ = {isa = PBXBuildFile; fileRef = 86BC64F526F3771B00D1C044 /* LaunchScreen.storyboard */; };
		86BC650226F3771B00D1C044 /* WhatIfweTests.swift in Sources */ = {isa = PBXBuildFile; fileRef = 86BC650126F3771B00D1C044 /* WhatIfweTests.swift */; };
		86BC650D26F3771B00D1C044 /* WhatIfweUITests.swift in Sources */ = {isa = PBXBuildFile; fileRef = 86BC650C26F3771B00D1C044 /* WhatIfweUITests.swift */; };
/* End PBXBuildFile section */

/* Begin PBXContainerItemProxy section */
		86BC64FE26F3771B00D1C044 /* PBXContainerItemProxy */ = {
			isa = PBXContainerItemProxy;
			containerPortal = 86BC64DF26F3771800D1C044 /* Project object */;
			proxyType = 1;
			remoteGlobalIDString = 86BC64E626F3771800D1C044;
			remoteInfo = WhatIfwe;
		};
		86BC650926F3771B00D1C044 /* PBXContainerItemProxy */ = {
			isa = PBXContainerItemProxy;
			containerPortal = 86BC64DF26F3771800D1C044 /* Project object */;
			proxyType = 1;
			remoteGlobalIDString = 86BC64E626F3771800D1C044;
			remoteInfo = WhatIfwe;
		};
/* End PBXContainerItemProxy section */

/* Begin PBXFileReference section */
		86BC64E726F3771800D1C044 /* WhatIfwe.app */ = {isa = PBXFileReference; explicitFileType = wrapper.application; includeInIndex = 0; path = WhatIfwe.app; sourceTree = BUILT_PRODUCTS_DIR; };
		86BC64EA26F3771800D1C044 /* AppDelegate.swift */ = {isa = PBXFileReference; lastKnownFileType = sourcecode.swift; path = AppDelegate.swift; sourceTree = "<group>"; };
		86BC64EC26F3771800D1C044 /* SceneDelegate.swift */ = {isa = PBXFileReference; lastKnownFileType = sourcecode.swift; path = SceneDelegate.swift; sourceTree = "<group>"; };
		86BC64EE26F3771800D1C044 /* ViewController.swift */ = {isa = PBXFileReference; lastKnownFileType = sourcecode.swift; path = ViewController.swift; sourceTree = "<group>"; };
		86BC64F126F3771800D1C044 /* Base */ = {isa = PBXFileReference; lastKnownFileType = file.storyboard; name = Base; path = Base.lproj/Main.storyboard; sourceTree = "<group>"; };
		86BC64F326F3771B00D1C044 /* Assets.xcassets */ = {isa = PBXFileReference; lastKnownFileType = folder.assetcatalog; path = Assets.xcassets; sourceTree = "<group>"; };
		86BC64F626F3771B00D1C044 /* Base */ = {isa = PBXFileReference; lastKnownFileType = file.storyboard; name = Base; path = Base.lproj/LaunchScreen.storyboard; sourceTree = "<group>"; };
		86BC64F826F3771B00D1C044 /* Info.plist */ = {isa = PBXFileReference; lastKnownFileType = text.plist.xml; path = Info.plist; sourceTree = "<group>"; };
		86BC64FD26F3771B00D1C044 /* WhatIfweTests.xctest */ = {isa = PBXFileReference; explicitFileType = wrapper.cfbundle; includeInIndex = 0; path = WhatIfweTests.xctest; sourceTree = BUILT_PRODUCTS_DIR; };
		86BC650126F3771B00D1C044 /* WhatIfweTests.swift */ = {isa = PBXFileReference; lastKnownFileType = sourcecode.swift; path = WhatIfweTests.swift; sourceTree = "<group>"; };
		86BC650326F3771B00D1C044 /* Info.plist */ = {isa = PBXFileReference; lastKnownFileType = text.plist.xml; path = Info.plist; sourceTree = "<group>"; };
		86BC650826F3771B00D1C044 /* WhatIfweUITests.xctest */ = {isa = PBXFileReference; explicitFileType = wrapper.cfbundle; includeInIndex = 0; path = WhatIfweUITests.xctest; sourceTree = BUILT_PRODUCTS_DIR; };
		86BC650C26F3771B00D1C044 /* WhatIfweUITests.swift */ = {isa = PBXFileReference; lastKnownFileType = sourcecode.swift; path = WhatIfweUITests.swift; sourceTree = "<group>"; };
		86BC650E26F3771B00D1C044 /* Info.plist */ = {isa = PBXFileReference; lastKnownFileType = text.plist.xml; path = Info.plist; sourceTree = "<group>"; };
/* End PBXFileReference section */

/* Begin PBXFrameworksBuildPhase section */
		86BC64E426F3771800D1C044 /* Frameworks */ = {
			isa = PBXFrameworksBuildPhase;
			buildActionMask = 2147483647;
			files = (
			);
			runOnlyForDeploymentPostprocessing = 0;
		};
		86BC64FA26F3771B00D1C044 /* Frameworks */ = {
			isa = PBXFrameworksBuildPhase;
			buildActionMask = 2147483647;
			files = (
			);
			runOnlyForDeploymentPostprocessing = 0;
		};
		86BC650526F3771B00D1C044 /* Frameworks */ = {
			isa = PBXFrameworksBuildPhase;
			buildActionMask = 2147483647;
			files = (
			);
			runOnlyForDeploymentPostprocessing = 0;
		};
/* End PBXFrameworksBuildPhase section */

/* Begin PBXGroup section */
		86BC64DE26F3771800D1C044 = {
			isa = PBXGroup;
			children = (
				86BC64E926F3771800D1C044 /* WhatIfwe */,
				86BC650026F3771B00D1C044 /* WhatIfweTests */,
				86BC650B26F3771B00D1C044 /* WhatIfweUITests */,
				86BC64E826F3771800D1C044 /* Products */,
			);
			sourceTree = "<group>";
		};
		86BC64E826F3771800D1C044 /* Products */ = {
			isa = PBXGroup;
			children = (
				86BC64E726F3771800D1C044 /* WhatIfwe.app */,
				86BC64FD26F3771B00D1C044 /* WhatIfweTests.xctest */,
				86BC650826F3771B00D1C044 /* WhatIfweUITests.xctest */,
			);
			name = Products;
			sourceTree = "<group>";
		};
		86BC64E926F3771800D1C044 /* WhatIfwe */ = {
			isa = PBXGroup;
			children = (
				86BC64EA26F3771800D1C044 /* AppDelegate.swift */,
				86BC64EC26F3771800D1C044 /* SceneDelegate.swift */,
				86BC64EE26F3771800D1C044 /* ViewController.swift */,
				86BC64F026F3771800D1C044 /* Main.storyboard */,
				86BC64F326F3771B00D1C044 /* Assets.xcassets */,
				86BC64F526F3771B00D1C044 /* LaunchScreen.storyboard */,
				86BC64F826F3771B00D1C044 /* Info.plist */,
			);
			path = WhatIfwe;
			sourceTree = "<group>";
		};
		86BC650026F3771B00D1C044 /* WhatIfweTests */ = {
			isa = PBXGroup;
			children = (
				86BC650126F3771B00D1C044 /* WhatIfweTests.swift */,
				86BC650326F3771B00D1C044 /* Info.plist */,
			);
			path = WhatIfweTests;
			sourceTree = "<group>";
		};
		86BC650B26F3771B00D1C044 /* WhatIfweUITests */ = {
			isa = PBXGroup;
			children = (
				86BC650C26F3771B00D1C044 /* WhatIfweUITests.swift */,
				86BC650E26F3771B00D1C044 /* Info.plist */,
			);
			path = WhatIfweUITests;
			sourceTree = "<group>";
		};
/* End PBXGroup section */

/* Begin PBXNativeTarget section */
		86BC64E626F3771800D1C044 /* WhatIfwe */ = {
			isa = PBXNativeTarget;
			buildConfigurationList = 86BC651126F3771B00D1C044 /* Build configuration list for PBXNativeTarget "WhatIfwe" */;
			buildPhases = (
				86BC64E326F3771800D1C044 /* Sources */,
				86BC64E426F3771800D1C044 /* Frameworks */,
				86BC64E526F3771800D1C044 /* Resources */,
			);
			buildRules = (
			);
			dependencies = (
			);
			name = WhatIfwe;
			productName = WhatIfwe;
			productReference = 86BC64E726F3771800D1C044 /* WhatIfwe.app */;
			productType = "com.apple.product-type.application";
		};
		86BC64FC26F3771B00D1C044 /* WhatIfweTests */ = {
			isa = PBXNativeTarget;
			buildConfigurationList = 86BC651426F3771B00D1C044 /* Build configuration list for PBXNativeTarget "WhatIfweTests" */;
			buildPhases = (
				86BC64F926F3771B00D1C044 /* Sources */,
				86BC64FA26F3771B00D1C044 /* Frameworks */,
				86BC64FB26F3771B00D1C044 /* Resources */,
			);
			buildRules = (
			);
			dependencies = (
				86BC64FF26F3771B00D1C044 /* PBXTargetDependency */,
			);
			name = WhatIfweTests;
			productName = WhatIfweTests;
			productReference = 86BC64FD26F3771B00D1C044 /* WhatIfweTests.xctest */;
			productType = "com.apple.product-type.bundle.unit-test";
		};
		86BC650726F3771B00D1C044 /* WhatIfweUITests */ = {
			isa = PBXNativeTarget;
			buildConfigurationList = 86BC651726F3771B00D1C044 /* Build configuration list for PBXNativeTarget "WhatIfweUITests" */;
			buildPhases = (
				86BC650426F3771B00D1C044 /* Sources */,
				86BC650526F3771B00D1C044 /* Frameworks */,
				86BC650626F3771B00D1C044 /* Resources */,
			);
			buildRules = (
			);
			dependencies = (
				86BC650A26F3771B00D1C044 /* PBXTargetDependency */,
			);
			name = WhatIfweUITests;
			productName = WhatIfweUITests;
			productReference = 86BC650826F3771B00D1C044 /* WhatIfweUITests.xctest */;
			productType = "com.apple.product-type.bundle.ui-testing";
		};
/* End PBXNativeTarget section */

/* Begin PBXProject section */
		86BC64DF26F3771800D1C044 /* Project object */ = {
			isa = PBXProject;
			attributes = {
				LastSwiftUpdateCheck = 1210;
				LastUpgradeCheck = 1210;
				TargetAttributes = {
					86BC64E626F3771800D1C044 = {
						CreatedOnToolsVersion = 12.1;
					};
					86BC64FC26F3771B00D1C044 = {
						CreatedOnToolsVersion = 12.1;
						TestTargetID = 86BC64E626F3771800D1C044;
					};
					86BC650726F3771B00D1C044 = {
						CreatedOnToolsVersion = 12.1;
						TestTargetID = 86BC64E626F3771800D1C044;
					};
				};
			};
			buildConfigurationList = 86BC64E226F3771800D1C044 /* Build configuration list for PBXProject "WhatIfwe" */;
			compatibilityVersion = "Xcode 9.3";
			developmentRegion = en;
			hasScannedForEncodings = 0;
			knownRegions = (
				en,
				Base,
			);
			mainGroup = 86BC64DE26F3771800D1C044;
			productRefGroup = 86BC64E826F3771800D1C044 /* Products */;
			projectDirPath = "";
			projectRoot = "";
			targets = (
				86BC64E626F3771800D1C044 /* WhatIfwe */,
				86BC64FC26F3771B00D1C044 /* WhatIfweTests */,
				86BC650726F3771B00D1C044 /* WhatIfweUITests */,
			);
		};
/* End PBXProject section */

/* Begin PBXResourcesBuildPhase section */
		86BC64E526F3771800D1C044 /* Resources */ = {
			isa = PBXResourcesBuildPhase;
			buildActionMask = 2147483647;
			files = (
				86BC64F726F3771B00D1C044 /* LaunchScreen.storyboard in Resources */,
				86BC64F426F3771B00D1C044 /* Assets.xcassets in Resources */,
				86BC64F226F3771800D1C044 /* Main.storyboard in Resources */,
			);
			runOnlyForDeploymentPostprocessing = 0;
		};
		86BC64FB26F3771B00D1C044 /* Resources */ = {
			isa = PBXResourcesBuildPhase;
			buildActionMask = 2147483647;
			files = (
			);
			runOnlyForDeploymentPostprocessing = 0;
		};
		86BC650626F3771B00D1C044 /* Resources */ = {
			isa = PBXResourcesBuildPhase;
			buildActionMask = 2147483647;
			files = (
			);
			runOnlyForDeploymentPostprocessing = 0;
		};
/* End PBXResourcesBuildPhase section */

/* Begin PBXSourcesBuildPhase section */
		86BC64E326F3771800D1C044 /* Sources */ = {
			isa = PBXSourcesBuildPhase;
			buildActionMask = 2147483647;
			files = (
				86BC64EF26F3771800D1C044 /* ViewController.swift in Sources */,
				86BC64EB26F3771800D1C044 /* AppDelegate.swift in Sources */,
				86BC64ED26F3771800D1C044 /* SceneDelegate.swift in Sources */,
			);
			runOnlyForDeploymentPostprocessing = 0;
		};
		86BC64F926F3771B00D1C044 /* Sources */ = {
			isa = PBXSourcesBuildPhase;
			buildActionMask = 2147483647;
			files = (
				86BC650226F3771B00D1C044 /* WhatIfweTests.swift in Sources */,
			);
			runOnlyForDeploymentPostprocessing = 0;
		};
		86BC650426F3771B00D1C044 /* Sources */ = {
			isa = PBXSourcesBuildPhase;
			buildActionMask = 2147483647;
			files = (
				86BC650D26F3771B00D1C044 /* WhatIfweUITests.swift in Sources */,
			);
			runOnlyForDeploymentPostprocessing = 0;
		};
/* End PBXSourcesBuildPhase section */

/* Begin PBXTargetDependency section */
		86BC64FF26F3771B00D1C044 /* PBXTargetDependency */ = {
			isa = PBXTargetDependency;
			target = 86BC64E626F3771800D1C044 /* WhatIfwe */;
			targetProxy = 86BC64FE26F3771B00D1C044 /* PBXContainerItemProxy */;
		};
		86BC650A26F3771B00D1C044 /* PBXTargetDependency */ = {
			isa = PBXTargetDependency;
			target = 86BC64E626F3771800D1C044 /* WhatIfwe */;
			targetProxy = 86BC650926F3771B00D1C044 /* PBXContainerItemProxy */;
		};
/* End PBXTargetDependency section */

/* Begin PBXVariantGroup section */
		86BC64F026F3771800D1C044 /* Main.storyboard */ = {
			isa = PBXVariantGroup;
			children = (
				86BC64F126F3771800D1C044 /* Base */,
			);
			name = Main.storyboard;
			sourceTree = "<group>";
		};
		86BC64F526F3771B00D1C044 /* LaunchScreen.storyboard */ = {
			isa = PBXVariantGroup;
			children = (
				86BC64F626F3771B00D1C044 /* Base */,
			);
			name = LaunchScreen.storyboard;
			sourceTree = "<group>";
		};
/* End PBXVariantGroup section */

/* Begin XCBuildConfiguration section */
		86BC650F26F3771B00D1C044 /* Debug */ = {
			isa = XCBuildConfiguration;
			buildSettings = {
				ALWAYS_SEARCH_USER_PATHS = NO;
				CLANG_ANALYZER_NONNULL = YES;
				CLANG_ANALYZER_NUMBER_OBJECT_CONVERSION = YES_AGGRESSIVE;
				CLANG_CXX_LANGUAGE_STANDARD = "gnu++14";
				CLANG_CXX_LIBRARY = "libc++";
				CLANG_ENABLE_MODULES = YES;
				CLANG_ENABLE_OBJC_ARC = YES;
				CLANG_ENABLE_OBJC_WEAK = YES;
				CLANG_WARN_BLOCK_CAPTURE_AUTORELEASING = YES;
				CLANG_WARN_BOOL_CONVERSION = YES;
				CLANG_WARN_COMMA = YES;
				CLANG_WARN_CONSTANT_CONVERSION = YES;
				CLANG_WARN_DEPRECATED_OBJC_IMPLEMENTATIONS = YES;
				CLANG_WARN_DIRECT_OBJC_ISA_USAGE = YES_ERROR;
				CLANG_WARN_DOCUMENTATION_COMMENTS = YES;
				CLANG_WARN_EMPTY_BODY = YES;
				CLANG_WARN_ENUM_CONVERSION = YES;
				CLANG_WARN_INFINITE_RECURSION = YES;
				CLANG_WARN_INT_CONVERSION = YES;
				CLANG_WARN_NON_LITERAL_NULL_CONVERSION = YES;
				CLANG_WARN_OBJC_IMPLICIT_RETAIN_SELF = YES;
				CLANG_WARN_OBJC_LITERAL_CONVERSION = YES;
				CLANG_WARN_OBJC_ROOT_CLASS = YES_ERROR;
				CLANG_WARN_QUOTED_INCLUDE_IN_FRAMEWORK_HEADER = YES;
				CLANG_WARN_RANGE_LOOP_ANALYSIS = YES;
				CLANG_WARN_STRICT_PROTOTYPES = YES;
				CLANG_WARN_SUSPICIOUS_MOVE = YES;
				CLANG_WARN_UNGUARDED_AVAILABILITY = YES_AGGRESSIVE;
				CLANG_WARN_UNREACHABLE_CODE = YES;
				CLANG_WARN__DUPLICATE_METHOD_MATCH = YES;
				COPY_PHASE_STRIP = NO;
				DEBUG_INFORMATION_FORMAT = dwarf;
				ENABLE_STRICT_OBJC_MSGSEND = YES;
				ENABLE_TESTABILITY = YES;
				GCC_C_LANGUAGE_STANDARD = gnu11;
				GCC_DYNAMIC_NO_PIC = NO;
				GCC_NO_COMMON_BLOCKS = YES;
				GCC_OPTIMIZATION_LEVEL = 0;
				GCC_PREPROCESSOR_DEFINITIONS = (
					"DEBUG=1",
					"$(inherited)",
				);
				GCC_WARN_64_TO_32_BIT_CONVERSION = YES;
				GCC_WARN_ABOUT_RETURN_TYPE = YES_ERROR;
				GCC_WARN_UNDECLARED_SELECTOR = YES;
				GCC_WARN_UNINITIALIZED_AUTOS = YES_AGGRESSIVE;
				GCC_WARN_UNUSED_FUNCTION = YES;
				GCC_WARN_UNUSED_VARIABLE = YES;
				IPHONEOS_DEPLOYMENT_TARGET = 14.1;
				MTL_ENABLE_DEBUG_INFO = INCLUDE_SOURCE;
				MTL_FAST_MATH = YES;
				ONLY_ACTIVE_ARCH = YES;
				SDKROOT = iphoneos;
				SWIFT_ACTIVE_COMPILATION_CONDITIONS = DEBUG;
				SWIFT_OPTIMIZATION_LEVEL = "-Onone";
			};
			name = Debug;
		};
		86BC651026F3771B00D1C044 /* Release */ = {
			isa = XCBuildConfiguration;
			buildSettings = {
				ALWAYS_SEARCH_USER_PATHS = NO;
				CLANG_ANALYZER_NONNULL = YES;
				CLANG_ANALYZER_NUMBER_OBJECT_CONVERSION = YES_AGGRESSIVE;
				CLANG_CXX_LANGUAGE_STANDARD = "gnu++14";
				CLANG_CXX_LIBRARY = "libc++";
				CLANG_ENABLE_MODULES = YES;
				CLANG_ENABLE_OBJC_ARC = YES;
				CLANG_ENABLE_OBJC_WEAK = YES;
				CLANG_WARN_BLOCK_CAPTURE_AUTORELEASING = YES;
				CLANG_WARN_BOOL_CONVERSION = YES;
				CLANG_WARN_COMMA = YES;
				CLANG_WARN_CONSTANT_CONVERSION = YES;
				CLANG_WARN_DEPRECATED_OBJC_IMPLEMENTATIONS = YES;
				CLANG_WARN_DIRECT_OBJC_ISA_USAGE = YES_ERROR;
				CLANG_WARN_DOCUMENTATION_COMMENTS = YES;
				CLANG_WARN_EMPTY_BODY = YES;
				CLANG_WARN_ENUM_CONVERSION = YES;
				CLANG_WARN_INFINITE_RECURSION = YES;
				CLANG_WARN_INT_CONVERSION = YES;
				CLANG_WARN_NON_LITERAL_NULL_CONVERSION = YES;
				CLANG_WARN_OBJC_IMPLICIT_RETAIN_SELF = YES;
				CLANG_WARN_OBJC_LITERAL_CONVERSION = YES;
				CLANG_WARN_OBJC_ROOT_CLASS = YES_ERROR;
				CLANG_WARN_QUOTED_INCLUDE_IN_FRAMEWORK_HEADER = YES;
				CLANG_WARN_RANGE_LOOP_ANALYSIS = YES;
				CLANG_WARN_STRICT_PROTOTYPES = YES;
				CLANG_WARN_SUSPICIOUS_MOVE = YES;
				CLANG_WARN_UNGUARDED_AVAILABILITY = YES_AGGRESSIVE;
				CLANG_WARN_UNREACHABLE_CODE = YES;
				CLANG_WARN__DUPLICATE_METHOD_MATCH = YES;
				COPY_PHASE_STRIP = NO;
				DEBUG_INFORMATION_FORMAT = "dwarf-with-dsym";
				ENABLE_NS_ASSERTIONS = NO;
				ENABLE_STRICT_OBJC_MSGSEND = YES;
				GCC_C_LANGUAGE_STANDARD = gnu11;
				GCC_NO_COMMON_BLOCKS = YES;
				GCC_WARN_64_TO_32_BIT_CONVERSION = YES;
				GCC_WARN_ABOUT_RETURN_TYPE = YES_ERROR;
				GCC_WARN_UNDECLARED_SELECTOR = YES;
				GCC_WARN_UNINITIALIZED_AUTOS = YES_AGGRESSIVE;
				GCC_WARN_UNUSED_FUNCTION = YES;
				GCC_WARN_UNUSED_VARIABLE = YES;
				IPHONEOS_DEPLOYMENT_TARGET = 14.1;
				MTL_ENABLE_DEBUG_INFO = NO;
				MTL_FAST_MATH = YES;
				SDKROOT = iphoneos;
				SWIFT_COMPILATION_MODE = wholemodule;
				SWIFT_OPTIMIZATION_LEVEL = "-O";
				VALIDATE_PRODUCT = YES;
			};
			name = Release;
		};
		86BC651226F3771B00D1C044 /* Debug */ = {
			isa = XCBuildConfiguration;
			buildSettings = {
				ASSETCATALOG_COMPILER_APPICON_NAME = AppIcon;
				ASSETCATALOG_COMPILER_GLOBAL_ACCENT_COLOR_NAME = AccentColor;
				CODE_SIGN_STYLE = Automatic;
				INFOPLIST_FILE = WhatIfwe/Info.plist;
				LD_RUNPATH_SEARCH_PATHS = (
					"$(inherited)",
					"@executable_path/Frameworks",
				);
				PRODUCT_BUNDLE_IDENTIFIER = Dora0916.WhatIfwe;
				PRODUCT_NAME = "$(TARGET_NAME)";
				SWIFT_VERSION = 5.0;
				TARGETED_DEVICE_FAMILY = "1,2";
			};
			name = Debug;
		};
		86BC651326F3771B00D1C044 /* Release */ = {
			isa = XCBuildConfiguration;
			buildSettings = {
				ASSETCATALOG_COMPILER_APPICON_NAME = AppIcon;
				ASSETCATALOG_COMPILER_GLOBAL_ACCENT_COLOR_NAME = AccentColor;
				CODE_SIGN_STYLE = Automatic;
				INFOPLIST_FILE = WhatIfwe/Info.plist;
				LD_RUNPATH_SEARCH_PATHS = (
					"$(inherited)",
					"@executable_path/Frameworks",
				);
				PRODUCT_BUNDLE_IDENTIFIER = Dora0916.WhatIfwe;
				PRODUCT_NAME = "$(TARGET_NAME)";
				SWIFT_VERSION = 5.0;
				TARGETED_DEVICE_FAMILY = "1,2";
			};
			name = Release;
		};
		86BC651526F3771B00D1C044 /* Debug */ = {
			isa = XCBuildConfiguration;
			buildSettings = {
				ALWAYS_EMBED_SWIFT_STANDARD_LIBRARIES = YES;
				BUNDLE_LOADER = "$(TEST_HOST)";
				CODE_SIGN_STYLE = Automatic;
				INFOPLIST_FILE = WhatIfweTests/Info.plist;
				IPHONEOS_DEPLOYMENT_TARGET = 14.1;
				LD_RUNPATH_SEARCH_PATHS = (
					"$(inherited)",
					"@executable_path/Frameworks",
					"@loader_path/Frameworks",
				);
				PRODUCT_BUNDLE_IDENTIFIER = Dora0916.WhatIfweTests;
				PRODUCT_NAME = "$(TARGET_NAME)";
				SWIFT_VERSION = 5.0;
				TARGETED_DEVICE_FAMILY = "1,2";
				TEST_HOST = "$(BUILT_PRODUCTS_DIR)/WhatIfwe.app/WhatIfwe";
			};
			name = Debug;
		};
		86BC651626F3771B00D1C044 /* Release */ = {
			isa = XCBuildConfiguration;
			buildSettings = {
				ALWAYS_EMBED_SWIFT_STANDARD_LIBRARIES = YES;
				BUNDLE_LOADER = "$(TEST_HOST)";
				CODE_SIGN_STYLE = Automatic;
				INFOPLIST_FILE = WhatIfweTests/Info.plist;
				IPHONEOS_DEPLOYMENT_TARGET = 14.1;
				LD_RUNPATH_SEARCH_PATHS = (
					"$(inherited)",
					"@executable_path/Frameworks",
					"@loader_path/Frameworks",
				);
				PRODUCT_BUNDLE_IDENTIFIER = Dora0916.WhatIfweTests;
				PRODUCT_NAME = "$(TARGET_NAME)";
				SWIFT_VERSION = 5.0;
				TARGETED_DEVICE_FAMILY = "1,2";
				TEST_HOST = "$(BUILT_PRODUCTS_DIR)/WhatIfwe.app/WhatIfwe";
			};
			name = Release;
		};
		86BC651826F3771B00D1C044 /* Debug */ = {
			isa = XCBuildConfiguration;
			buildSettings = {
				ALWAYS_EMBED_SWIFT_STANDARD_LIBRARIES = YES;
				CODE_SIGN_STYLE = Automatic;
				INFOPLIST_FILE = WhatIfweUITests/Info.plist;
				LD_RUNPATH_SEARCH_PATHS = (
					"$(inherited)",
					"@executable_path/Frameworks",
					"@loader_path/Frameworks",
				);
				PRODUCT_BUNDLE_IDENTIFIER = Dora0916.WhatIfweUITests;
				PRODUCT_NAME = "$(TARGET_NAME)";
				SWIFT_VERSION = 5.0;
				TARGETED_DEVICE_FAMILY = "1,2";
				TEST_TARGET_NAME = WhatIfwe;
			};
			name = Debug;
		};
		86BC651926F3771B00D1C044 /* Release */ = {
			isa = XCBuildConfiguration;
			buildSettings = {
				ALWAYS_EMBED_SWIFT_STANDARD_LIBRARIES = YES;
				CODE_SIGN_STYLE = Automatic;
				INFOPLIST_FILE = WhatIfweUITests/Info.plist;
				LD_RUNPATH_SEARCH_PATHS = (
					"$(inherited)",
					"@executable_path/Frameworks",
					"@loader_path/Frameworks",
				);
				PRODUCT_BUNDLE_IDENTIFIER = Dora0916.WhatIfweUITests;
				PRODUCT_NAME = "$(TARGET_NAME)";
				SWIFT_VERSION = 5.0;
				TARGETED_DEVICE_FAMILY = "1,2";
				TEST_TARGET_NAME = WhatIfwe;
			};
			name = Release;
		};
/* End XCBuildConfiguration section */

/* Begin XCConfigurationList section */
		86BC64E226F3771800D1C044 /* Build configuration list for PBXProject "WhatIfwe" */ = {
			isa = XCConfigurationList;
			buildConfigurations = (
				86BC650F26F3771B00D1C044 /* Debug */,
				86BC651026F3771B00D1C044 /* Release */,
			);
			defaultConfigurationIsVisible = 0;
			defaultConfigurationName = Release;
		};
		86BC651126F3771B00D1C044 /* Build configuration list for PBXNativeTarget "WhatIfwe" */ = {
			isa = XCConfigurationList;
			buildConfigurations = (
				86BC651226F3771B00D1C044 /* Debug */,
				86BC651326F3771B00D1C044 /* Release */,
			);
			defaultConfigurationIsVisible = 0;
			defaultConfigurationName = Release;
		};
		86BC651426F3771B00D1C044 /* Build configuration list for PBXNativeTarget "WhatIfweTests" */ = {
			isa = XCConfigurationList;
			buildConfigurations = (
				86BC651526F3771B00D1C044 /* Debug */,
				86BC651626F3771B00D1C044 /* Release */,
			);
			defaultConfigurationIsVisible = 0;
			defaultConfigurationName = Release;
		};
		86BC651726F3771B00D1C044 /* Build configuration list for PBXNativeTarget "WhatIfweUITests" */ = {
			isa = XCConfigurationList;
			buildConfigurations = (
				86BC651826F3771B00D1C044 /* Debug */,
				86BC651926F3771B00D1C044 /* Release */,
			);
			defaultConfigurationIsVisible = 0;
			defaultConfigurationName = Release;
		};
/* End XCConfigurationList section */
	};
	rootObject = 86BC64DF26F3771800D1C044 /* Project object */;
}
